
Microsoft Visual Studio Solution File, Format Version 12.00
# Visual Studio Version 17
VisualStudioVersion = 17.13.35931.197 d17.13
MinimumVisualStudioVersion = 10.0.40219.1
Project("{FAE04EC0-301F-11D3-BF4B-00C04F79EFBC}") = "PhotoFunctions", "PhotoFunctions.csproj", "{EDCD0EEB-D8D9-4F9A-98D0-84BEACC2F01E}"
EndProject
Global
	GlobalSection(SolutionConfigurationPlatforms) = preSolution
		Debug|Any CPU = Debug|Any CPU
		Release|Any CPU = Release|Any CPU
	EndGlobalSection
	GlobalSection(ProjectConfigurationPlatforms) = postSolution
		{EDCD0EEB-D8D9-4F9A-98D0-84BEACC2F01E}.Debug|Any CPU.ActiveCfg = Debug|Any CPU
		{EDCD0EEB-D8D9-4F9A-98D0-84BEACC2F01E}.Debug|Any CPU.Build.0 = Debug|Any CPU
		{EDCD0EEB-D8D9-4F9A-98D0-84BEACC2F01E}.Release|Any CPU.ActiveCfg = Release|Any CPU
		{EDCD0EEB-D8D9-4F9A-98D0-84BEACC2F01E}.Release|Any CPU.Build.0 = Release|Any CPU
	EndGlobalSection
	GlobalSection(SolutionProperties) = preSolution
		HideSolutionNode = FALSE
	EndGlobalSection
	GlobalSection(ExtensibilityGlobals) = postSolution
		SolutionGuid = {6C9A5EEF-BC9B-487C-ACA8-8D35C8D67494}
	EndGlobalSection
EndGlobal
